
Microsoft Visual Studio Solution File, Format Version 12.00
# Visual Studio Version 17
VisualStudioVersion = 17.13.35919.96 d17.13
MinimumVisualStudioVersion = 10.0.40219.1
Project("{FAE04EC0-301F-11D3-BF4B-00C04F79EFBC}") = "CafeOrderingApp", "CafeOrderingApp.csproj", "{500210BF-36AA-4B8A-A976-1CA3C9E442F0}"
EndProject
Global
	GlobalSection(SolutionConfigurationPlatforms) = preSolution
		Debug|Any CPU = Debug|Any CPU
		Release|Any CPU = Release|Any CPU
	EndGlobalSection
	GlobalSection(ProjectConfigurationPlatforms) = postSolution
		{500210BF-36AA-4B8A-A976-1CA3C9E442F0}.Debug|Any CPU.ActiveCfg = Debug|Any CPU
		{500210BF-36AA-4B8A-A976-1CA3C9E442F0}.Debug|Any CPU.Build.0 = Debug|Any CPU
		{500210BF-36AA-4B8A-A976-1CA3C9E442F0}.Release|Any CPU.ActiveCfg = Release|Any CPU
		{500210BF-36AA-4B8A-A976-1CA3C9E442F0}.Release|Any CPU.Build.0 = Release|Any CPU
	EndGlobalSection
	GlobalSection(SolutionProperties) = preSolution
		HideSolutionNode = FALSE
	EndGlobalSection
	GlobalSection(ExtensibilityGlobals) = postSolution
		SolutionGuid = {ABCCE9DA-4E24-41CF-9DA6-1D46D669FE2B}
	EndGlobalSection
EndGlobal
